// !$*UTF8*$!
{
	archiveVersion = 1;
	classes = {
	};
	objectVersion = 51;
	objects = {

/* Begin PBXBuildFile section */
		5BB9AD427E0C00D7ED6D740A /* Pods_COVID5G.framework in Frameworks */ = {isa = PBXBuildFile; fileRef = 41C347CBEC25C5D17C271CDF /* Pods_COVID5G.framework */; };
		5E33DC1824473BFF008A67E5 /* Symptom.swift in Sources */ = {isa = PBXBuildFile; fileRef = 5E33DC1724473BFF008A67E5 /* Symptom.swift */; };
		5E33DC1A24473CBC008A67E5 /* Symptoms.json in Resources */ = {isa = PBXBuildFile; fileRef = 5E33DC1924473CBC008A67E5 /* Symptoms.json */; };
		5E33DC1C24473D80008A67E5 /* SymptomsLocal.swift in Sources */ = {isa = PBXBuildFile; fileRef = 5E33DC1B24473D80008A67E5 /* SymptomsLocal.swift */; };
		5E33DC1E24473DC3008A67E5 /* SymptomsVC.swift in Sources */ = {isa = PBXBuildFile; fileRef = 5E33DC1D24473DC3008A67E5 /* SymptomsVC.swift */; };
		5E33DC2024473DCC008A67E5 /* SymptomsVM.swift in Sources */ = {isa = PBXBuildFile; fileRef = 5E33DC1F24473DCC008A67E5 /* SymptomsVM.swift */; };
		5E33DC2224473F0C008A67E5 /* SymptomCell.swift in Sources */ = {isa = PBXBuildFile; fileRef = 5E33DC2124473F0C008A67E5 /* SymptomCell.swift */; };
		5E33DC2424473F1C008A67E5 /* SymptomCell.xib in Resources */ = {isa = PBXBuildFile; fileRef = 5E33DC2324473F1C008A67E5 /* SymptomCell.xib */; };
		5E33DC2624474438008A67E5 /* PreExistingConditionsVC.swift in Sources */ = {isa = PBXBuildFile; fileRef = 5E33DC2524474438008A67E5 /* PreExistingConditionsVC.swift */; };
		5E33DC2824474448008A67E5 /* PreExistingConditionsVM.swift in Sources */ = {isa = PBXBuildFile; fileRef = 5E33DC2724474448008A67E5 /* PreExistingConditionsVM.swift */; };
		5E33DC2A244744C1008A67E5 /* PreExistingCell.swift in Sources */ = {isa = PBXBuildFile; fileRef = 5E33DC29244744C1008A67E5 /* PreExistingCell.swift */; };
		5E33DC2C244744CC008A67E5 /* PreExistingCell.xib in Resources */ = {isa = PBXBuildFile; fileRef = 5E33DC2B244744CC008A67E5 /* PreExistingCell.xib */; };
		5E5C0F6924470134001C45EB /* LoginVC.swift in Sources */ = {isa = PBXBuildFile; fileRef = 5E5C0F6824470134001C45EB /* LoginVC.swift */; };
		5E5C0F6B24470141001C45EB /* RegisterVC.swift in Sources */ = {isa = PBXBuildFile; fileRef = 5E5C0F6A24470141001C45EB /* RegisterVC.swift */; };
		5E5C0F6E24470DEE001C45EB /* Symptoms.storyboard in Resources */ = {isa = PBXBuildFile; fileRef = 5E5C0F6D24470DEE001C45EB /* Symptoms.storyboard */; };
		5E5C0F7024470EC2001C45EB /* ProfileVC.swift in Sources */ = {isa = PBXBuildFile; fileRef = 5E5C0F6F24470EC2001C45EB /* ProfileVC.swift */; };
		5E5C0F7424471295001C45EB /* Repository.swift in Sources */ = {isa = PBXBuildFile; fileRef = 5E5C0F7324471295001C45EB /* Repository.swift */; };
		5E5C0F76244712A6001C45EB /* AgeLocal.swift in Sources */ = {isa = PBXBuildFile; fileRef = 5E5C0F75244712A6001C45EB /* AgeLocal.swift */; };
		5E5C0F78244712AE001C45EB /* GenderLocal.swift in Sources */ = {isa = PBXBuildFile; fileRef = 5E5C0F77244712AE001C45EB /* GenderLocal.swift */; };
		5E5C0F7A244712CC001C45EB /* Gender.swift in Sources */ = {isa = PBXBuildFile; fileRef = 5E5C0F79244712CC001C45EB /* Gender.swift */; };
		5E5C0F7C244712D5001C45EB /* AgeGroup.swift in Sources */ = {isa = PBXBuildFile; fileRef = 5E5C0F7B244712D5001C45EB /* AgeGroup.swift */; };
		5E5C0F7F2447132A001C45EB /* ageGroup.json in Resources */ = {isa = PBXBuildFile; fileRef = 5E5C0F7E2447132A001C45EB /* ageGroup.json */; };
		5E5C0F812447133C001C45EB /* gender.json in Resources */ = {isa = PBXBuildFile; fileRef = 5E5C0F802447133C001C45EB /* gender.json */; };
		5E5C0F8324471385001C45EB /* ProfileVM.swift in Sources */ = {isa = PBXBuildFile; fileRef = 5E5C0F8224471385001C45EB /* ProfileVM.swift */; };
		5E5C0F8624472427001C45EB /* GeneralVC.swift in Sources */ = {isa = PBXBuildFile; fileRef = 5E5C0F8524472427001C45EB /* GeneralVC.swift */; };
		5E5C0F88244725E6001C45EB /* general.json in Resources */ = {isa = PBXBuildFile; fileRef = 5E5C0F87244725E6001C45EB /* general.json */; };
		5E5C0F8A24472602001C45EB /* General.swift in Sources */ = {isa = PBXBuildFile; fileRef = 5E5C0F8924472602001C45EB /* General.swift */; };
		5E5C0F8C2447261F001C45EB /* GeneralLocal.swift in Sources */ = {isa = PBXBuildFile; fileRef = 5E5C0F8B2447261F001C45EB /* GeneralLocal.swift */; };
		5E5C0F8E2447268B001C45EB /* immediateMedicalAttention.json in Resources */ = {isa = PBXBuildFile; fileRef = 5E5C0F8D2447268B001C45EB /* immediateMedicalAttention.json */; };
		5E5C0F90244726A8001C45EB /* urgentMedical.json in Resources */ = {isa = PBXBuildFile; fileRef = 5E5C0F8F244726A8001C45EB /* urgentMedical.json */; };
		5E5C0F9224472742001C45EB /* suspectCase.json in Resources */ = {isa = PBXBuildFile; fileRef = 5E5C0F9124472742001C45EB /* suspectCase.json */; };
		5E5C0F942447276B001C45EB /* ImmediateMedicalLocal.swift in Sources */ = {isa = PBXBuildFile; fileRef = 5E5C0F932447276B001C45EB /* ImmediateMedicalLocal.swift */; };
		5E5C0F9624472779001C45EB /* SuspectCaseLocal.swift in Sources */ = {isa = PBXBuildFile; fileRef = 5E5C0F9524472779001C45EB /* SuspectCaseLocal.swift */; };
		5E5C0F982447278C001C45EB /* UrgentMedicalLocal.swift in Sources */ = {isa = PBXBuildFile; fileRef = 5E5C0F972447278C001C45EB /* UrgentMedicalLocal.swift */; };
		5E5C0F9A24472841001C45EB /* PreExisting.swift in Sources */ = {isa = PBXBuildFile; fileRef = 5E5C0F9924472841001C45EB /* PreExisting.swift */; };
		5E5C0F9C244728FC001C45EB /* GeneralVM.swift in Sources */ = {isa = PBXBuildFile; fileRef = 5E5C0F9B244728FC001C45EB /* GeneralVM.swift */; };
		5E5C0F9E2447296E001C45EB /* GeneralCell.swift in Sources */ = {isa = PBXBuildFile; fileRef = 5E5C0F9D2447296E001C45EB /* GeneralCell.swift */; };
		5E5C0FA024472979001C45EB /* GeneralCell.xib in Resources */ = {isa = PBXBuildFile; fileRef = 5E5C0F9F24472979001C45EB /* GeneralCell.xib */; };
		5E60C22C2446F96D006AAB62 /* Storyboard.swift in Sources */ = {isa = PBXBuildFile; fileRef = 5E60C22B2446F96D006AAB62 /* Storyboard.swift */; };
		5E60C22F2446FCA6006AAB62 /* LocationDisclaimerVC.swift in Sources */ = {isa = PBXBuildFile; fileRef = 5E60C22E2446FCA6006AAB62 /* LocationDisclaimerVC.swift */; };
		5E60C2312446FF37006AAB62 /* AuthenticateVC.swift in Sources */ = {isa = PBXBuildFile; fileRef = 5E60C2302446FF37006AAB62 /* AuthenticateVC.swift */; };
		5E709EA624476DAB00D24EC9 /* SettingsVC.swift in Sources */ = {isa = PBXBuildFile; fileRef = 5E709EA524476DAB00D24EC9 /* SettingsVC.swift */; };
		5E709EA824476DF600D24EC9 /* SettingCell.swift in Sources */ = {isa = PBXBuildFile; fileRef = 5E709EA724476DF600D24EC9 /* SettingCell.swift */; };
		5E709EAA24476E0100D24EC9 /* SettingCell.xib in Resources */ = {isa = PBXBuildFile; fileRef = 5E709EA924476E0100D24EC9 /* SettingCell.xib */; };
		5E709EAC24477E2000D24EC9 /* AssessmentVC.swift in Sources */ = {isa = PBXBuildFile; fileRef = 5E709EAB24477E2000D24EC9 /* AssessmentVC.swift */; };
		5E709EAE24477F2B00D24EC9 /* RecordedSymptomCell.swift in Sources */ = {isa = PBXBuildFile; fileRef = 5E709EAD24477F2B00D24EC9 /* RecordedSymptomCell.swift */; };
		5E709EB024477F3C00D24EC9 /* RecordedSymptomCell.xib in Resources */ = {isa = PBXBuildFile; fileRef = 5E709EAF24477F3C00D24EC9 /* RecordedSymptomCell.xib */; };
		5E709EB224477FF300D24EC9 /* RecordedSymptom.swift in Sources */ = {isa = PBXBuildFile; fileRef = 5E709EB124477FF300D24EC9 /* RecordedSymptom.swift */; };
		5E709EB42447821300D24EC9 /* SymptomsManager.swift in Sources */ = {isa = PBXBuildFile; fileRef = 5E709EB32447821300D24EC9 /* SymptomsManager.swift */; };
		5E709EB62447895B00D24EC9 /* AssessmentVM.swift in Sources */ = {isa = PBXBuildFile; fileRef = 5E709EB52447895B00D24EC9 /* AssessmentVM.swift */; };
		5E709EBA244789C400D24EC9 /* Management.json in Resources */ = {isa = PBXBuildFile; fileRef = 5E709EB9244789C400D24EC9 /* Management.json */; };
		5E709EBC244789D600D24EC9 /* ManagementLocal.swift in Sources */ = {isa = PBXBuildFile; fileRef = 5E709EBB244789D600D24EC9 /* ManagementLocal.swift */; };
		5E709EBE244789F400D24EC9 /* Management.swift in Sources */ = {isa = PBXBuildFile; fileRef = 5E709EBD244789F400D24EC9 /* Management.swift */; };
		5E709EC024478F2900D24EC9 /* AddSymptomVC.swift in Sources */ = {isa = PBXBuildFile; fileRef = 5E709EBF24478F2900D24EC9 /* AddSymptomVC.swift */; };
		5E709EC2244792F900D24EC9 /* MapVC.swift in Sources */ = {isa = PBXBuildFile; fileRef = 5E709EC1244792F900D24EC9 /* MapVC.swift */; };
		5E709EC4244793F100D24EC9 /* WebKit.framework in Frameworks */ = {isa = PBXBuildFile; fileRef = 5E709EC3244793F000D24EC9 /* WebKit.framework */; };
		5E709EC62447CC5B00D24EC9 /* NavigatorGeolocation.swift in Sources */ = {isa = PBXBuildFile; fileRef = 5E709EC52447CC5B00D24EC9 /* NavigatorGeolocation.swift */; };
		5EB057A124465D800029556C /* AppDelegate.swift in Sources */ = {isa = PBXBuildFile; fileRef = 5EB057A024465D800029556C /* AppDelegate.swift */; };
		5EB057A524465D800029556C /* DisclaimerVC.swift in Sources */ = {isa = PBXBuildFile; fileRef = 5EB057A424465D800029556C /* DisclaimerVC.swift */; };
		5EB057A824465D800029556C /* Main.storyboard in Resources */ = {isa = PBXBuildFile; fileRef = 5EB057A624465D800029556C /* Main.storyboard */; };
		5EB057AA24465D840029556C /* Assets.xcassets in Resources */ = {isa = PBXBuildFile; fileRef = 5EB057A924465D840029556C /* Assets.xcassets */; };
		5EB057AD24465D840029556C /* LaunchScreen.storyboard in Resources */ = {isa = PBXBuildFile; fileRef = 5EB057AB24465D840029556C /* LaunchScreen.storyboard */; };
		5EB057B6244662610029556C /* MainCoordinator.swift in Sources */ = {isa = PBXBuildFile; fileRef = 5EB057B5244662610029556C /* MainCoordinator.swift */; };
/* End PBXBuildFile section */

/* Begin PBXFileReference section */
		41C347CBEC25C5D17C271CDF /* Pods_COVID5G.framework */ = {isa = PBXFileReference; explicitFileType = wrapper.framework; includeInIndex = 0; path = Pods_COVID5G.framework; sourceTree = BUILT_PRODUCTS_DIR; };
		5E33DC1724473BFF008A67E5 /* Symptom.swift */ = {isa = PBXFileReference; lastKnownFileType = sourcecode.swift; path = Symptom.swift; sourceTree = "<group>"; };
		5E33DC1924473CBC008A67E5 /* Symptoms.json */ = {isa = PBXFileReference; lastKnownFileType = text.json; path = Symptoms.json; sourceTree = "<group>"; };
		5E33DC1B24473D80008A67E5 /* SymptomsLocal.swift */ = {isa = PBXFileReference; lastKnownFileType = sourcecode.swift; path = SymptomsLocal.swift; sourceTree = "<group>"; };
		5E33DC1D24473DC3008A67E5 /* SymptomsVC.swift */ = {isa = PBXFileReference; lastKnownFileType = sourcecode.swift; path = SymptomsVC.swift; sourceTree = "<group>"; };
		5E33DC1F24473DCC008A67E5 /* SymptomsVM.swift */ = {isa = PBXFileReference; lastKnownFileType = sourcecode.swift; path = SymptomsVM.swift; sourceTree = "<group>"; };
		5E33DC2124473F0C008A67E5 /* SymptomCell.swift */ = {isa = PBXFileReference; lastKnownFileType = sourcecode.swift; path = SymptomCell.swift; sourceTree = "<group>"; };
		5E33DC2324473F1C008A67E5 /* SymptomCell.xib */ = {isa = PBXFileReference; lastKnownFileType = file.xib; path = SymptomCell.xib; sourceTree = "<group>"; };
		5E33DC2524474438008A67E5 /* PreExistingConditionsVC.swift */ = {isa = PBXFileReference; lastKnownFileType = sourcecode.swift; path = PreExistingConditionsVC.swift; sourceTree = "<group>"; };
		5E33DC2724474448008A67E5 /* PreExistingConditionsVM.swift */ = {isa = PBXFileReference; lastKnownFileType = sourcecode.swift; path = PreExistingConditionsVM.swift; sourceTree = "<group>"; };
		5E33DC29244744C1008A67E5 /* PreExistingCell.swift */ = {isa = PBXFileReference; lastKnownFileType = sourcecode.swift; path = PreExistingCell.swift; sourceTree = "<group>"; };
		5E33DC2B244744CC008A67E5 /* PreExistingCell.xib */ = {isa = PBXFileReference; lastKnownFileType = file.xib; path = PreExistingCell.xib; sourceTree = "<group>"; };
		5E5C0F6824470134001C45EB /* LoginVC.swift */ = {isa = PBXFileReference; lastKnownFileType = sourcecode.swift; path = LoginVC.swift; sourceTree = "<group>"; };
		5E5C0F6A24470141001C45EB /* RegisterVC.swift */ = {isa = PBXFileReference; lastKnownFileType = sourcecode.swift; path = RegisterVC.swift; sourceTree = "<group>"; };
		5E5C0F6D24470DEE001C45EB /* Symptoms.storyboard */ = {isa = PBXFileReference; lastKnownFileType = file.storyboard; path = Symptoms.storyboard; sourceTree = "<group>"; };
		5E5C0F6F24470EC2001C45EB /* ProfileVC.swift */ = {isa = PBXFileReference; lastKnownFileType = sourcecode.swift; path = ProfileVC.swift; sourceTree = "<group>"; };
		5E5C0F7324471295001C45EB /* Repository.swift */ = {isa = PBXFileReference; lastKnownFileType = sourcecode.swift; path = Repository.swift; sourceTree = "<group>"; };
		5E5C0F75244712A6001C45EB /* AgeLocal.swift */ = {isa = PBXFileReference; lastKnownFileType = sourcecode.swift; path = AgeLocal.swift; sourceTree = "<group>"; };
		5E5C0F77244712AE001C45EB /* GenderLocal.swift */ = {isa = PBXFileReference; lastKnownFileType = sourcecode.swift; path = GenderLocal.swift; sourceTree = "<group>"; };
		5E5C0F79244712CC001C45EB /* Gender.swift */ = {isa = PBXFileReference; lastKnownFileType = sourcecode.swift; path = Gender.swift; sourceTree = "<group>"; };
		5E5C0F7B244712D5001C45EB /* AgeGroup.swift */ = {isa = PBXFileReference; lastKnownFileType = sourcecode.swift; path = AgeGroup.swift; sourceTree = "<group>"; };
		5E5C0F7E2447132A001C45EB /* ageGroup.json */ = {isa = PBXFileReference; lastKnownFileType = text.json; path = ageGroup.json; sourceTree = "<group>"; };
		5E5C0F802447133C001C45EB /* gender.json */ = {isa = PBXFileReference; lastKnownFileType = text.json; path = gender.json; sourceTree = "<group>"; };
		5E5C0F8224471385001C45EB /* ProfileVM.swift */ = {isa = PBXFileReference; lastKnownFileType = sourcecode.swift; path = ProfileVM.swift; sourceTree = "<group>"; };
		5E5C0F8524472427001C45EB /* GeneralVC.swift */ = {isa = PBXFileReference; lastKnownFileType = sourcecode.swift; path = GeneralVC.swift; sourceTree = "<group>"; };
		5E5C0F87244725E6001C45EB /* general.json */ = {isa = PBXFileReference; lastKnownFileType = text.json; path = general.json; sourceTree = "<group>"; };
		5E5C0F8924472602001C45EB /* General.swift */ = {isa = PBXFileReference; lastKnownFileType = sourcecode.swift; path = General.swift; sourceTree = "<group>"; };
		5E5C0F8B2447261F001C45EB /* GeneralLocal.swift */ = {isa = PBXFileReference; lastKnownFileType = sourcecode.swift; path = GeneralLocal.swift; sourceTree = "<group>"; };
		5E5C0F8D2447268B001C45EB /* immediateMedicalAttention.json */ = {isa = PBXFileReference; lastKnownFileType = text.json; path = immediateMedicalAttention.json; sourceTree = "<group>"; };
		5E5C0F8F244726A8001C45EB /* urgentMedical.json */ = {isa = PBXFileReference; lastKnownFileType = text.json; path = urgentMedical.json; sourceTree = "<group>"; };
		5E5C0F9124472742001C45EB /* suspectCase.json */ = {isa = PBXFileReference; lastKnownFileType = text.json; path = suspectCase.json; sourceTree = "<group>"; };
		5E5C0F932447276B001C45EB /* ImmediateMedicalLocal.swift */ = {isa = PBXFileReference; lastKnownFileType = sourcecode.swift; path = ImmediateMedicalLocal.swift; sourceTree = "<group>"; };
		5E5C0F9524472779001C45EB /* SuspectCaseLocal.swift */ = {isa = PBXFileReference; lastKnownFileType = sourcecode.swift; path = SuspectCaseLocal.swift; sourceTree = "<group>"; };
		5E5C0F972447278C001C45EB /* UrgentMedicalLocal.swift */ = {isa = PBXFileReference; lastKnownFileType = sourcecode.swift; path = UrgentMedicalLocal.swift; sourceTree = "<group>"; };
		5E5C0F9924472841001C45EB /* PreExisting.swift */ = {isa = PBXFileReference; lastKnownFileType = sourcecode.swift; path = PreExisting.swift; sourceTree = "<group>"; };
		5E5C0F9B244728FC001C45EB /* GeneralVM.swift */ = {isa = PBXFileReference; lastKnownFileType = sourcecode.swift; path = GeneralVM.swift; sourceTree = "<group>"; };
		5E5C0F9D2447296E001C45EB /* GeneralCell.swift */ = {isa = PBXFileReference; lastKnownFileType = sourcecode.swift; path = GeneralCell.swift; sourceTree = "<group>"; };
		5E5C0F9F24472979001C45EB /* GeneralCell.xib */ = {isa = PBXFileReference; lastKnownFileType = file.xib; path = GeneralCell.xib; sourceTree = "<group>"; };
		5E60C22B2446F96D006AAB62 /* Storyboard.swift */ = {isa = PBXFileReference; lastKnownFileType = sourcecode.swift; path = Storyboard.swift; sourceTree = "<group>"; };
		5E60C22E2446FCA6006AAB62 /* LocationDisclaimerVC.swift */ = {isa = PBXFileReference; lastKnownFileType = sourcecode.swift; path = LocationDisclaimerVC.swift; sourceTree = "<group>"; };
		5E60C2302446FF37006AAB62 /* AuthenticateVC.swift */ = {isa = PBXFileReference; lastKnownFileType = sourcecode.swift; path = AuthenticateVC.swift; sourceTree = "<group>"; };
		5E709EA524476DAB00D24EC9 /* SettingsVC.swift */ = {isa = PBXFileReference; lastKnownFileType = sourcecode.swift; path = SettingsVC.swift; sourceTree = "<group>"; };
		5E709EA724476DF600D24EC9 /* SettingCell.swift */ = {isa = PBXFileReference; lastKnownFileType = sourcecode.swift; path = SettingCell.swift; sourceTree = "<group>"; };
		5E709EA924476E0100D24EC9 /* SettingCell.xib */ = {isa = PBXFileReference; lastKnownFileType = file.xib; path = SettingCell.xib; sourceTree = "<group>"; };
		5E709EAB24477E2000D24EC9 /* AssessmentVC.swift */ = {isa = PBXFileReference; lastKnownFileType = sourcecode.swift; path = AssessmentVC.swift; sourceTree = "<group>"; };
		5E709EAD24477F2B00D24EC9 /* RecordedSymptomCell.swift */ = {isa = PBXFileReference; lastKnownFileType = sourcecode.swift; path = RecordedSymptomCell.swift; sourceTree = "<group>"; };
		5E709EAF24477F3C00D24EC9 /* RecordedSymptomCell.xib */ = {isa = PBXFileReference; lastKnownFileType = file.xib; path = RecordedSymptomCell.xib; sourceTree = "<group>"; };
		5E709EB124477FF300D24EC9 /* RecordedSymptom.swift */ = {isa = PBXFileReference; lastKnownFileType = sourcecode.swift; path = RecordedSymptom.swift; sourceTree = "<group>"; };
		5E709EB32447821300D24EC9 /* SymptomsManager.swift */ = {isa = PBXFileReference; lastKnownFileType = sourcecode.swift; path = SymptomsManager.swift; sourceTree = "<group>"; };
		5E709EB52447895B00D24EC9 /* AssessmentVM.swift */ = {isa = PBXFileReference; lastKnownFileType = sourcecode.swift; path = AssessmentVM.swift; sourceTree = "<group>"; };
		5E709EB9244789C400D24EC9 /* Management.json */ = {isa = PBXFileReference; lastKnownFileType = text.json; path = Management.json; sourceTree = "<group>"; };
		5E709EBB244789D600D24EC9 /* ManagementLocal.swift */ = {isa = PBXFileReference; lastKnownFileType = sourcecode.swift; path = ManagementLocal.swift; sourceTree = "<group>"; };
		5E709EBD244789F400D24EC9 /* Management.swift */ = {isa = PBXFileReference; lastKnownFileType = sourcecode.swift; path = Management.swift; sourceTree = "<group>"; };
		5E709EBF24478F2900D24EC9 /* AddSymptomVC.swift */ = {isa = PBXFileReference; lastKnownFileType = sourcecode.swift; path = AddSymptomVC.swift; sourceTree = "<group>"; };
		5E709EC1244792F900D24EC9 /* MapVC.swift */ = {isa = PBXFileReference; lastKnownFileType = sourcecode.swift; path = MapVC.swift; sourceTree = "<group>"; };
		5E709EC3244793F000D24EC9 /* WebKit.framework */ = {isa = PBXFileReference; lastKnownFileType = wrapper.framework; name = WebKit.framework; path = System/Library/Frameworks/WebKit.framework; sourceTree = SDKROOT; };
		5E709EC52447CC5B00D24EC9 /* NavigatorGeolocation.swift */ = {isa = PBXFileReference; lastKnownFileType = sourcecode.swift; path = NavigatorGeolocation.swift; sourceTree = "<group>"; };
		5EB0579D24465D800029556C /* COVID5G.app */ = {isa = PBXFileReference; explicitFileType = wrapper.application; includeInIndex = 0; path = COVID5G.app; sourceTree = BUILT_PRODUCTS_DIR; };
		5EB057A024465D800029556C /* AppDelegate.swift */ = {isa = PBXFileReference; lastKnownFileType = sourcecode.swift; path = AppDelegate.swift; sourceTree = "<group>"; };
		5EB057A424465D800029556C /* DisclaimerVC.swift */ = {isa = PBXFileReference; lastKnownFileType = sourcecode.swift; path = DisclaimerVC.swift; sourceTree = "<group>"; };
		5EB057A724465D800029556C /* Base */ = {isa = PBXFileReference; lastKnownFileType = file.storyboard; name = Base; path = Base.lproj/Main.storyboard; sourceTree = "<group>"; };
		5EB057A924465D840029556C /* Assets.xcassets */ = {isa = PBXFileReference; lastKnownFileType = folder.assetcatalog; path = Assets.xcassets; sourceTree = "<group>"; };
		5EB057AC24465D840029556C /* Base */ = {isa = PBXFileReference; lastKnownFileType = file.storyboard; name = Base; path = Base.lproj/LaunchScreen.storyboard; sourceTree = "<group>"; };
		5EB057AE24465D840029556C /* Info.plist */ = {isa = PBXFileReference; lastKnownFileType = text.plist.xml; path = Info.plist; sourceTree = "<group>"; };
		5EB057B5244662610029556C /* MainCoordinator.swift */ = {isa = PBXFileReference; lastKnownFileType = sourcecode.swift; path = MainCoordinator.swift; sourceTree = "<group>"; };
		6232B8C4A6A1854436B6E907 /* Pods-COVID5G.debug.xcconfig */ = {isa = PBXFileReference; includeInIndex = 1; lastKnownFileType = text.xcconfig; name = "Pods-COVID5G.debug.xcconfig"; path = "Target Support Files/Pods-COVID5G/Pods-COVID5G.debug.xcconfig"; sourceTree = "<group>"; };
		8CF6874EAF3C15CA4E11A680 /* Pods-COVID5G.release.xcconfig */ = {isa = PBXFileReference; includeInIndex = 1; lastKnownFileType = text.xcconfig; name = "Pods-COVID5G.release.xcconfig"; path = "Target Support Files/Pods-COVID5G/Pods-COVID5G.release.xcconfig"; sourceTree = "<group>"; };
/* End PBXFileReference section */

/* Begin PBXFrameworksBuildPhase section */
		5EB0579A24465D800029556C /* Frameworks */ = {
			isa = PBXFrameworksBuildPhase;
			buildActionMask = 2147483647;
			files = (
				5E709EC4244793F100D24EC9 /* WebKit.framework in Frameworks */,
				5BB9AD427E0C00D7ED6D740A /* Pods_COVID5G.framework in Frameworks */,
			);
			runOnlyForDeploymentPostprocessing = 0;
		};
/* End PBXFrameworksBuildPhase section */

/* Begin PBXGroup section */
		5E5C0F6C24470DD2001C45EB /* Symptoms */ = {
			isa = PBXGroup;
			children = (
				5E5C0F8424472412001C45EB /* Components */,
				5E5C0F6D24470DEE001C45EB /* Symptoms.storyboard */,
				5E33DC1D24473DC3008A67E5 /* SymptomsVC.swift */,
				5E33DC1F24473DCC008A67E5 /* SymptomsVM.swift */,
				5E5C0F6F24470EC2001C45EB /* ProfileVC.swift */,
				5E5C0F8224471385001C45EB /* ProfileVM.swift */,
				5E5C0F8524472427001C45EB /* GeneralVC.swift */,
				5E5C0F9B244728FC001C45EB /* GeneralVM.swift */,
				5E33DC2524474438008A67E5 /* PreExistingConditionsVC.swift */,
				5E33DC2724474448008A67E5 /* PreExistingConditionsVM.swift */,
				5E709EA524476DAB00D24EC9 /* SettingsVC.swift */,
				5E709EAB24477E2000D24EC9 /* AssessmentVC.swift */,
				5E709EB52447895B00D24EC9 /* AssessmentVM.swift */,
				5E709EBF24478F2900D24EC9 /* AddSymptomVC.swift */,
				5E709EC1244792F900D24EC9 /* MapVC.swift */,
				5E709EC52447CC5B00D24EC9 /* NavigatorGeolocation.swift */,
			);
			path = Symptoms;
			sourceTree = "<group>";
		};
		5E5C0F7124471236001C45EB /* Models */ = {
			isa = PBXGroup;
			children = (
				5E5C0F79244712CC001C45EB /* Gender.swift */,
				5E709EBD244789F400D24EC9 /* Management.swift */,
				5E709EB124477FF300D24EC9 /* RecordedSymptom.swift */,
				5E5C0F9924472841001C45EB /* PreExisting.swift */,
				5E5C0F8924472602001C45EB /* General.swift */,
				5E5C0F7B244712D5001C45EB /* AgeGroup.swift */,
				5E33DC1724473BFF008A67E5 /* Symptom.swift */,
			);
			path = Models;
			sourceTree = "<group>";
		};
		5E5C0F7224471272001C45EB /* DataAccess */ = {
			isa = PBXGroup;
			children = (
				5E5C0F7324471295001C45EB /* Repository.swift */,
				5E5C0F932447276B001C45EB /* ImmediateMedicalLocal.swift */,
				5E5C0F9524472779001C45EB /* SuspectCaseLocal.swift */,
				5E33DC1B24473D80008A67E5 /* SymptomsLocal.swift */,
				5E5C0F972447278C001C45EB /* UrgentMedicalLocal.swift */,
				5E709EBB244789D600D24EC9 /* ManagementLocal.swift */,
				5E5C0F75244712A6001C45EB /* AgeLocal.swift */,
				5E5C0F77244712AE001C45EB /* GenderLocal.swift */,
				5E5C0F8B2447261F001C45EB /* GeneralLocal.swift */,
				5E709EB32447821300D24EC9 /* SymptomsManager.swift */,
			);
			path = DataAccess;
			sourceTree = "<group>";
		};
		5E5C0F7D24471303001C45EB /* Resources */ = {
			isa = PBXGroup;
			children = (
				5E5C0F7E2447132A001C45EB /* ageGroup.json */,
				5E33DC1924473CBC008A67E5 /* Symptoms.json */,
				5E5C0F8D2447268B001C45EB /* immediateMedicalAttention.json */,
				5E5C0F8F244726A8001C45EB /* urgentMedical.json */,
				5E5C0F9124472742001C45EB /* suspectCase.json */,
				5E709EB9244789C400D24EC9 /* Management.json */,
				5E5C0F87244725E6001C45EB /* general.json */,
				5E5C0F802447133C001C45EB /* gender.json */,
			);
			path = Resources;
			sourceTree = "<group>";
		};
		5E5C0F8424472412001C45EB /* Components */ = {
			isa = PBXGroup;
			children = (
				5E5C0F9D2447296E001C45EB /* GeneralCell.swift */,
				5E5C0F9F24472979001C45EB /* GeneralCell.xib */,
				5E33DC2124473F0C008A67E5 /* SymptomCell.swift */,
				5E33DC2324473F1C008A67E5 /* SymptomCell.xib */,
				5E33DC29244744C1008A67E5 /* PreExistingCell.swift */,
				5E33DC2B244744CC008A67E5 /* PreExistingCell.xib */,
				5E709EA724476DF600D24EC9 /* SettingCell.swift */,
				5E709EA924476E0100D24EC9 /* SettingCell.xib */,
				5E709EAD24477F2B00D24EC9 /* RecordedSymptomCell.swift */,
				5E709EAF24477F3C00D24EC9 /* RecordedSymptomCell.xib */,
			);
			path = Components;
			sourceTree = "<group>";
		};
		5E60C22D2446F9DA006AAB62 /* InitialSetup */ = {
			isa = PBXGroup;
			children = (
				5EB057A424465D800029556C /* DisclaimerVC.swift */,
				5E60C2302446FF37006AAB62 /* AuthenticateVC.swift */,
				5E60C22E2446FCA6006AAB62 /* LocationDisclaimerVC.swift */,
				5EB057A624465D800029556C /* Main.storyboard */,
				5E5C0F6824470134001C45EB /* LoginVC.swift */,
				5E5C0F6A24470141001C45EB /* RegisterVC.swift */,
			);
			path = InitialSetup;
			sourceTree = "<group>";
		};
		5EB0579424465D800029556C = {
			isa = PBXGroup;
			children = (
				5EB0579F24465D800029556C /* COVID5G */,
				5EB0579E24465D800029556C /* Products */,
				BF0791379D389FC1BFC10205 /* Pods */,
				99BF280F5CCDC1BFACCC568F /* Frameworks */,
			);
			sourceTree = "<group>";
		};
		5EB0579E24465D800029556C /* Products */ = {
			isa = PBXGroup;
			children = (
				5EB0579D24465D800029556C /* COVID5G.app */,
			);
			name = Products;
			sourceTree = "<group>";
		};
		5EB0579F24465D800029556C /* COVID5G */ = {
			isa = PBXGroup;
			children = (
				5E5C0F7D24471303001C45EB /* Resources */,
				5E5C0F7224471272001C45EB /* DataAccess */,
				5E5C0F7124471236001C45EB /* Models */,
				5E5C0F6C24470DD2001C45EB /* Symptoms */,
				5E60C22D2446F9DA006AAB62 /* InitialSetup */,
				5EB057B42446623E0029556C /* Coordinator */,
				5EB057A024465D800029556C /* AppDelegate.swift */,
				5EB057A924465D840029556C /* Assets.xcassets */,
				5EB057AB24465D840029556C /* LaunchScreen.storyboard */,
				5EB057AE24465D840029556C /* Info.plist */,
			);
			path = COVID5G;
			sourceTree = "<group>";
		};
		5EB057B42446623E0029556C /* Coordinator */ = {
			isa = PBXGroup;
			children = (
				5EB057B5244662610029556C /* MainCoordinator.swift */,
				5E60C22B2446F96D006AAB62 /* Storyboard.swift */,
			);
			path = Coordinator;
			sourceTree = "<group>";
		};
		99BF280F5CCDC1BFACCC568F /* Frameworks */ = {
			isa = PBXGroup;
			children = (
				5E709EC3244793F000D24EC9 /* WebKit.framework */,
				41C347CBEC25C5D17C271CDF /* Pods_COVID5G.framework */,
			);
			name = Frameworks;
			sourceTree = "<group>";
		};
		BF0791379D389FC1BFC10205 /* Pods */ = {
			isa = PBXGroup;
			children = (
				6232B8C4A6A1854436B6E907 /* Pods-COVID5G.debug.xcconfig */,
				8CF6874EAF3C15CA4E11A680 /* Pods-COVID5G.release.xcconfig */,
			);
			path = Pods;
			sourceTree = "<group>";
		};
/* End PBXGroup section */

/* Begin PBXNativeTarget section */
		5EB0579C24465D800029556C /* COVID5G */ = {
			isa = PBXNativeTarget;
			buildConfigurationList = 5EB057B124465D840029556C /* Build configuration list for PBXNativeTarget "COVID5G" */;
			buildPhases = (
				57BE35BED50B452ACE044FFD /* [CP] Check Pods Manifest.lock */,
				5EB0579924465D800029556C /* Sources */,
				5EB0579A24465D800029556C /* Frameworks */,
				5EB0579B24465D800029556C /* Resources */,
				3E5ABCABCC232AFF15414A27 /* [CP] Embed Pods Frameworks */,
			);
			buildRules = (
			);
			dependencies = (
			);
			name = COVID5G;
			productName = COVID5G;
			productReference = 5EB0579D24465D800029556C /* COVID5G.app */;
			productType = "com.apple.product-type.application";
		};
/* End PBXNativeTarget section */

/* Begin PBXProject section */
		5EB0579524465D800029556C /* Project object */ = {
			isa = PBXProject;
			attributes = {
				LastSwiftUpdateCheck = 1100;
				LastUpgradeCheck = 1100;
				ORGANIZATIONNAME = covid5g;
				TargetAttributes = {
					5EB0579C24465D800029556C = {
						CreatedOnToolsVersion = 11.0;
					};
				};
			};
			buildConfigurationList = 5EB0579824465D800029556C /* Build configuration list for PBXProject "COVID5G" */;
			compatibilityVersion = "Xcode 9.3";
			developmentRegion = en;
			hasScannedForEncodings = 0;
			knownRegions = (
				en,
				Base,
			);
			mainGroup = 5EB0579424465D800029556C;
			productRefGroup = 5EB0579E24465D800029556C /* Products */;
			projectDirPath = "";
			projectRoot = "";
			targets = (
				5EB0579C24465D800029556C /* COVID5G */,
			);
		};
/* End PBXProject section */

/* Begin PBXResourcesBuildPhase section */
		5EB0579B24465D800029556C /* Resources */ = {
			isa = PBXResourcesBuildPhase;
			buildActionMask = 2147483647;
			files = (
				5EB057AD24465D840029556C /* LaunchScreen.storyboard in Resources */,
				5E709EAA24476E0100D24EC9 /* SettingCell.xib in Resources */,
				5E33DC1A24473CBC008A67E5 /* Symptoms.json in Resources */,
				5E33DC2C244744CC008A67E5 /* PreExistingCell.xib in Resources */,
				5E709EBA244789C400D24EC9 /* Management.json in Resources */,
				5EB057AA24465D840029556C /* Assets.xcassets in Resources */,
				5E33DC2424473F1C008A67E5 /* SymptomCell.xib in Resources */,
				5E5C0F812447133C001C45EB /* gender.json in Resources */,
				5E5C0F6E24470DEE001C45EB /* Symptoms.storyboard in Resources */,
				5E5C0F90244726A8001C45EB /* urgentMedical.json in Resources */,
				5E709EB024477F3C00D24EC9 /* RecordedSymptomCell.xib in Resources */,
				5E5C0FA024472979001C45EB /* GeneralCell.xib in Resources */,
				5E5C0F88244725E6001C45EB /* general.json in Resources */,
				5E5C0F8E2447268B001C45EB /* immediateMedicalAttention.json in Resources */,
				5EB057A824465D800029556C /* Main.storyboard in Resources */,
				5E5C0F7F2447132A001C45EB /* ageGroup.json in Resources */,
				5E5C0F9224472742001C45EB /* suspectCase.json in Resources */,
			);
			runOnlyForDeploymentPostprocessing = 0;
		};
/* End PBXResourcesBuildPhase section */

/* Begin PBXShellScriptBuildPhase section */
		3E5ABCABCC232AFF15414A27 /* [CP] Embed Pods Frameworks */ = {
			isa = PBXShellScriptBuildPhase;
			buildActionMask = 2147483647;
			files = (
			);
			inputFileListPaths = (
				"${PODS_ROOT}/Target Support Files/Pods-COVID5G/Pods-COVID5G-frameworks-${CONFIGURATION}-input-files.xcfilelist",
			);
			name = "[CP] Embed Pods Frameworks";
			outputFileListPaths = (
				"${PODS_ROOT}/Target Support Files/Pods-COVID5G/Pods-COVID5G-frameworks-${CONFIGURATION}-output-files.xcfilelist",
			);
			runOnlyForDeploymentPostprocessing = 0;
			shellPath = /bin/sh;
			shellScript = "\"${PODS_ROOT}/Target Support Files/Pods-COVID5G/Pods-COVID5G-frameworks.sh\"\n";
			showEnvVarsInLog = 0;
		};
		57BE35BED50B452ACE044FFD /* [CP] Check Pods Manifest.lock */ = {
			isa = PBXShellScriptBuildPhase;
			buildActionMask = 2147483647;
			files = (
			);
			inputFileListPaths = (
			);
			inputPaths = (
				"${PODS_PODFILE_DIR_PATH}/Podfile.lock",
				"${PODS_ROOT}/Manifest.lock",
			);
			name = "[CP] Check Pods Manifest.lock";
			outputFileListPaths = (
			);
			outputPaths = (
				"$(DERIVED_FILE_DIR)/Pods-COVID5G-checkManifestLockResult.txt",
			);
			runOnlyForDeploymentPostprocessing = 0;
			shellPath = /bin/sh;
			shellScript = "diff \"${PODS_PODFILE_DIR_PATH}/Podfile.lock\" \"${PODS_ROOT}/Manifest.lock\" > /dev/null\nif [ $? != 0 ] ; then\n    # print error to STDERR\n    echo \"error: The sandbox is not in sync with the Podfile.lock. Run 'pod install' or update your CocoaPods installation.\" >&2\n    exit 1\nfi\n# This output is used by Xcode 'outputs' to avoid re-running this script phase.\necho \"SUCCESS\" > \"${SCRIPT_OUTPUT_FILE_0}\"\n";
			showEnvVarsInLog = 0;
		};
/* End PBXShellScriptBuildPhase section */

/* Begin PBXSourcesBuildPhase section */
		5EB0579924465D800029556C /* Sources */ = {
			isa = PBXSourcesBuildPhase;
			buildActionMask = 2147483647;
			files = (
				5E5C0F7024470EC2001C45EB /* ProfileVC.swift in Sources */,
				5EB057A524465D800029556C /* DisclaimerVC.swift in Sources */,
				5E33DC1C24473D80008A67E5 /* SymptomsLocal.swift in Sources */,
				5E709EC62447CC5B00D24EC9 /* NavigatorGeolocation.swift in Sources */,
				5E709EB224477FF300D24EC9 /* RecordedSymptom.swift in Sources */,
				5E60C2312446FF37006AAB62 /* AuthenticateVC.swift in Sources */,
				5E709EC2244792F900D24EC9 /* MapVC.swift in Sources */,
				5E33DC1824473BFF008A67E5 /* Symptom.swift in Sources */,
				5E709EB62447895B00D24EC9 /* AssessmentVM.swift in Sources */,
				5E5C0F6924470134001C45EB /* LoginVC.swift in Sources */,
				5E709EBC244789D600D24EC9 /* ManagementLocal.swift in Sources */,
				5EB057B6244662610029556C /* MainCoordinator.swift in Sources */,
				5E709EAE24477F2B00D24EC9 /* RecordedSymptomCell.swift in Sources */,
				5E33DC2824474448008A67E5 /* PreExistingConditionsVM.swift in Sources */,
				5E33DC2624474438008A67E5 /* PreExistingConditionsVC.swift in Sources */,
				5E5C0F9E2447296E001C45EB /* GeneralCell.swift in Sources */,
				5E5C0F7C244712D5001C45EB /* AgeGroup.swift in Sources */,
				5E5C0F982447278C001C45EB /* UrgentMedicalLocal.swift in Sources */,
				5E709EAC24477E2000D24EC9 /* AssessmentVC.swift in Sources */,
				5E709EC024478F2900D24EC9 /* AddSymptomVC.swift in Sources */,
				5E5C0F76244712A6001C45EB /* AgeLocal.swift in Sources */,
				5E709EBE244789F400D24EC9 /* Management.swift in Sources */,
				5E5C0F942447276B001C45EB /* ImmediateMedicalLocal.swift in Sources */,
				5E33DC2024473DCC008A67E5 /* SymptomsVM.swift in Sources */,
				5E5C0F9624472779001C45EB /* SuspectCaseLocal.swift in Sources */,
				5E5C0F7A244712CC001C45EB /* Gender.swift in Sources */,
				5E709EB42447821300D24EC9 /* SymptomsManager.swift in Sources */,
				5E709EA624476DAB00D24EC9 /* SettingsVC.swift in Sources */,
				5E709EA824476DF600D24EC9 /* SettingCell.swift in Sources */,
				5E5C0F9A24472841001C45EB /* PreExisting.swift in Sources */,
				5E5C0F78244712AE001C45EB /* GenderLocal.swift in Sources */,
				5E5C0F7424471295001C45EB /* Repository.swift in Sources */,
				5E60C22C2446F96D006AAB62 /* Storyboard.swift in Sources */,
				5E5C0F8624472427001C45EB /* GeneralVC.swift in Sources */,
				5E5C0F8A24472602001C45EB /* General.swift in Sources */,
				5EB057A124465D800029556C /* AppDelegate.swift in Sources */,
				5E5C0F6B24470141001C45EB /* RegisterVC.swift in Sources */,
				5E33DC2224473F0C008A67E5 /* SymptomCell.swift in Sources */,
				5E5C0F9C244728FC001C45EB /* GeneralVM.swift in Sources */,
				5E60C22F2446FCA6006AAB62 /* LocationDisclaimerVC.swift in Sources */,
				5E33DC1E24473DC3008A67E5 /* SymptomsVC.swift in Sources */,
				5E5C0F8324471385001C45EB /* ProfileVM.swift in Sources */,
				5E33DC2A244744C1008A67E5 /* PreExistingCell.swift in Sources */,
				5E5C0F8C2447261F001C45EB /* GeneralLocal.swift in Sources */,
			);
			runOnlyForDeploymentPostprocessing = 0;
		};
/* End PBXSourcesBuildPhase section */

/* Begin PBXVariantGroup section */
		5EB057A624465D800029556C /* Main.storyboard */ = {
			isa = PBXVariantGroup;
			children = (
				5EB057A724465D800029556C /* Base */,
			);
			name = Main.storyboard;
			sourceTree = "<group>";
		};
		5EB057AB24465D840029556C /* LaunchScreen.storyboard */ = {
			isa = PBXVariantGroup;
			children = (
				5EB057AC24465D840029556C /* Base */,
			);
			name = LaunchScreen.storyboard;
			sourceTree = "<group>";
		};
/* End PBXVariantGroup section */

/* Begin XCBuildConfiguration section */
		5EB057AF24465D840029556C /* Debug */ = {
			isa = XCBuildConfiguration;
			buildSettings = {
				ALWAYS_SEARCH_USER_PATHS = NO;
				CLANG_ANALYZER_NONNULL = YES;
				CLANG_ANALYZER_NUMBER_OBJECT_CONVERSION = YES_AGGRESSIVE;
				CLANG_CXX_LANGUAGE_STANDARD = "gnu++14";
				CLANG_CXX_LIBRARY = "libc++";
				CLANG_ENABLE_MODULES = YES;
				CLANG_ENABLE_OBJC_ARC = YES;
				CLANG_ENABLE_OBJC_WEAK = YES;
				CLANG_WARN_BLOCK_CAPTURE_AUTORELEASING = YES;
				CLANG_WARN_BOOL_CONVERSION = YES;
				CLANG_WARN_COMMA = YES;
				CLANG_WARN_CONSTANT_CONVERSION = YES;
				CLANG_WARN_DEPRECATED_OBJC_IMPLEMENTATIONS = YES;
				CLANG_WARN_DIRECT_OBJC_ISA_USAGE = YES_ERROR;
				CLANG_WARN_DOCUMENTATION_COMMENTS = YES;
				CLANG_WARN_EMPTY_BODY = YES;
				CLANG_WARN_ENUM_CONVERSION = YES;
				CLANG_WARN_INFINITE_RECURSION = YES;
				CLANG_WARN_INT_CONVERSION = YES;
				CLANG_WARN_NON_LITERAL_NULL_CONVERSION = YES;
				CLANG_WARN_OBJC_IMPLICIT_RETAIN_SELF = YES;
				CLANG_WARN_OBJC_LITERAL_CONVERSION = YES;
				CLANG_WARN_OBJC_ROOT_CLASS = YES_ERROR;
				CLANG_WARN_RANGE_LOOP_ANALYSIS = YES;
				CLANG_WARN_STRICT_PROTOTYPES = YES;
				CLANG_WARN_SUSPICIOUS_MOVE = YES;
				CLANG_WARN_UNGUARDED_AVAILABILITY = YES_AGGRESSIVE;
				CLANG_WARN_UNREACHABLE_CODE = YES;
				CLANG_WARN__DUPLICATE_METHOD_MATCH = YES;
				COPY_PHASE_STRIP = NO;
				DEBUG_INFORMATION_FORMAT = dwarf;
				ENABLE_STRICT_OBJC_MSGSEND = YES;
				ENABLE_TESTABILITY = YES;
				GCC_C_LANGUAGE_STANDARD = gnu11;
				GCC_DYNAMIC_NO_PIC = NO;
				GCC_NO_COMMON_BLOCKS = YES;
				GCC_OPTIMIZATION_LEVEL = 0;
				GCC_PREPROCESSOR_DEFINITIONS = (
					"DEBUG=1",
					"$(inherited)",
				);
				GCC_WARN_64_TO_32_BIT_CONVERSION = YES;
				GCC_WARN_ABOUT_RETURN_TYPE = YES_ERROR;
				GCC_WARN_UNDECLARED_SELECTOR = YES;
				GCC_WARN_UNINITIALIZED_AUTOS = YES_AGGRESSIVE;
				GCC_WARN_UNUSED_FUNCTION = YES;
				GCC_WARN_UNUSED_VARIABLE = YES;
				IPHONEOS_DEPLOYMENT_TARGET = 13.0;
				MTL_ENABLE_DEBUG_INFO = INCLUDE_SOURCE;
				MTL_FAST_MATH = YES;
				ONLY_ACTIVE_ARCH = YES;
				SDKROOT = iphoneos;
				SWIFT_ACTIVE_COMPILATION_CONDITIONS = DEBUG;
				SWIFT_OPTIMIZATION_LEVEL = "-Onone";
			};
			name = Debug;
		};
		5EB057B024465D840029556C /* Release */ = {
			isa = XCBuildConfiguration;
			buildSettings = {
				ALWAYS_SEARCH_USER_PATHS = NO;
				CLANG_ANALYZER_NONNULL = YES;
				CLANG_ANALYZER_NUMBER_OBJECT_CONVERSION = YES_AGGRESSIVE;
				CLANG_CXX_LANGUAGE_STANDARD = "gnu++14";
				CLANG_CXX_LIBRARY = "libc++";
				CLANG_ENABLE_MODULES = YES;
				CLANG_ENABLE_OBJC_ARC = YES;
				CLANG_ENABLE_OBJC_WEAK = YES;
				CLANG_WARN_BLOCK_CAPTURE_AUTORELEASING = YES;
				CLANG_WARN_BOOL_CONVERSION = YES;
				CLANG_WARN_COMMA = YES;
				CLANG_WARN_CONSTANT_CONVERSION = YES;
				CLANG_WARN_DEPRECATED_OBJC_IMPLEMENTATIONS = YES;
				CLANG_WARN_DIRECT_OBJC_ISA_USAGE = YES_ERROR;
				CLANG_WARN_DOCUMENTATION_COMMENTS = YES;
				CLANG_WARN_EMPTY_BODY = YES;
				CLANG_WARN_ENUM_CONVERSION = YES;
				CLANG_WARN_INFINITE_RECURSION = YES;
				CLANG_WARN_INT_CONVERSION = YES;
				CLANG_WARN_NON_LITERAL_NULL_CONVERSION = YES;
				CLANG_WARN_OBJC_IMPLICIT_RETAIN_SELF = YES;
				CLANG_WARN_OBJC_LITERAL_CONVERSION = YES;
				CLANG_WARN_OBJC_ROOT_CLASS = YES_ERROR;
				CLANG_WARN_RANGE_LOOP_ANALYSIS = YES;
				CLANG_WARN_STRICT_PROTOTYPES = YES;
				CLANG_WARN_SUSPICIOUS_MOVE = YES;
				CLANG_WARN_UNGUARDED_AVAILABILITY = YES_AGGRESSIVE;
				CLANG_WARN_UNREACHABLE_CODE = YES;
				CLANG_WARN__DUPLICATE_METHOD_MATCH = YES;
				COPY_PHASE_STRIP = NO;
				DEBUG_INFORMATION_FORMAT = "dwarf-with-dsym";
				ENABLE_NS_ASSERTIONS = NO;
				ENABLE_STRICT_OBJC_MSGSEND = YES;
				GCC_C_LANGUAGE_STANDARD = gnu11;
				GCC_NO_COMMON_BLOCKS = YES;
				GCC_WARN_64_TO_32_BIT_CONVERSION = YES;
				GCC_WARN_ABOUT_RETURN_TYPE = YES_ERROR;
				GCC_WARN_UNDECLARED_SELECTOR = YES;
				GCC_WARN_UNINITIALIZED_AUTOS = YES_AGGRESSIVE;
				GCC_WARN_UNUSED_FUNCTION = YES;
				GCC_WARN_UNUSED_VARIABLE = YES;
				IPHONEOS_DEPLOYMENT_TARGET = 13.0;
				MTL_ENABLE_DEBUG_INFO = NO;
				MTL_FAST_MATH = YES;
				SDKROOT = iphoneos;
				SWIFT_COMPILATION_MODE = wholemodule;
				SWIFT_OPTIMIZATION_LEVEL = "-O";
				VALIDATE_PRODUCT = YES;
			};
			name = Release;
		};
		5EB057B224465D840029556C /* Debug */ = {
			isa = XCBuildConfiguration;
			baseConfigurationReference = 6232B8C4A6A1854436B6E907 /* Pods-COVID5G.debug.xcconfig */;
			buildSettings = {
				ASSETCATALOG_COMPILER_APPICON_NAME = AppIcon;
				CODE_SIGN_STYLE = Automatic;
				DEVELOPMENT_TEAM = JFC7SZAPYK;
				INFOPLIST_FILE = COVID5G/Info.plist;
				IPHONEOS_DEPLOYMENT_TARGET = 13.0;
				LD_RUNPATH_SEARCH_PATHS = (
					"$(inherited)",
					"@executable_path/Frameworks",
				);
				PRODUCT_BUNDLE_IDENTIFIER = covid5g.COVID5G;
				PRODUCT_NAME = "$(TARGET_NAME)";
				SWIFT_VERSION = 5.0;
				TARGETED_DEVICE_FAMILY = "1,2";
			};
			name = Debug;
		};
		5EB057B324465D840029556C /* Release */ = {
			isa = XCBuildConfiguration;
			baseConfigurationReference = 8CF6874EAF3C15CA4E11A680 /* Pods-COVID5G.release.xcconfig */;
			buildSettings = {
				ASSETCATALOG_COMPILER_APPICON_NAME = AppIcon;
				CODE_SIGN_STYLE = Automatic;
				DEVELOPMENT_TEAM = JFC7SZAPYK;
				INFOPLIST_FILE = COVID5G/Info.plist;
				IPHONEOS_DEPLOYMENT_TARGET = 13.0;
				LD_RUNPATH_SEARCH_PATHS = (
					"$(inherited)",
					"@executable_path/Frameworks",
				);
				PRODUCT_BUNDLE_IDENTIFIER = covid5g.COVID5G;
				PRODUCT_NAME = "$(TARGET_NAME)";
				SWIFT_VERSION = 5.0;
				TARGETED_DEVICE_FAMILY = "1,2";
			};
			name = Release;
		};
/* End XCBuildConfiguration section */

/* Begin XCConfigurationList section */
		5EB0579824465D800029556C /* Build configuration list for PBXProject "COVID5G" */ = {
			isa = XCConfigurationList;
			buildConfigurations = (
				5EB057AF24465D840029556C /* Debug */,
				5EB057B024465D840029556C /* Release */,
			);
			defaultConfigurationIsVisible = 0;
			defaultConfigurationName = Release;
		};
		5EB057B124465D840029556C /* Build configuration list for PBXNativeTarget "COVID5G" */ = {
			isa = XCConfigurationList;
			buildConfigurations = (
				5EB057B224465D840029556C /* Debug */,
				5EB057B324465D840029556C /* Release */,
			);
			defaultConfigurationIsVisible = 0;
			defaultConfigurationName = Release;
		};
/* End XCConfigurationList section */
	};
	rootObject = 5EB0579524465D800029556C /* Project object */;
}
